
Microsoft Visual Studio Solution File, Format Version 12.00
# Visual Studio Version 16
VisualStudioVersion = 16.0.29215.179
MinimumVisualStudioVersion = 10.0.40219.1
Project("{FAE04EC0-301F-11D3-BF4B-00C04F79EFBC}") = "GreatestCommonFactor", "GreatestCommonFactor\GreatestCommonFactor.csproj", "{1559AB75-D4A2-4C18-A49C-3FB06E4828B2}"
EndProject
Project("{FAE04EC0-301F-11D3-BF4B-00C04F79EFBC}") = "Tests", "Tests\Tests.csproj", "{EBF342EA-3FC5-486C-8BC4-23485BB6E0DA}"
EndProject
Global
	GlobalSection(SolutionConfigurationPlatforms) = preSolution
		Debug|Any CPU = Debug|Any CPU
		Release|Any CPU = Release|Any CPU
	EndGlobalSection
	GlobalSection(ProjectConfigurationPlatforms) = postSolution
		{1559AB75-D4A2-4C18-A49C-3FB06E4828B2}.Debug|Any CPU.ActiveCfg = Debug|Any CPU
		{1559AB75-D4A2-4C18-A49C-3FB06E4828B2}.Debug|Any CPU.Build.0 = Debug|Any CPU
		{1559AB75-D4A2-4C18-A49C-3FB06E4828B2}.Release|Any CPU.ActiveCfg = Release|Any CPU
		{1559AB75-D4A2-4C18-A49C-3FB06E4828B2}.Release|Any CPU.Build.0 = Release|Any CPU
		{EBF342EA-3FC5-486C-8BC4-23485BB6E0DA}.Debug|Any CPU.ActiveCfg = Debug|Any CPU
		{EBF342EA-3FC5-486C-8BC4-23485BB6E0DA}.Debug|Any CPU.Build.0 = Debug|Any CPU
		{EBF342EA-3FC5-486C-8BC4-23485BB6E0DA}.Release|Any CPU.ActiveCfg = Release|Any CPU
		{EBF342EA-3FC5-486C-8BC4-23485BB6E0DA}.Release|Any CPU.Build.0 = Release|Any CPU
	EndGlobalSection
	GlobalSection(SolutionProperties) = preSolution
		HideSolutionNode = FALSE
	EndGlobalSection
	GlobalSection(ExtensibilityGlobals) = postSolution
		SolutionGuid = {E983841E-CC9F-4B45-849D-AF2151F0CBBE}
	EndGlobalSection
EndGlobal
