
Microsoft Visual Studio Solution File, Format Version 12.00
# Visual Studio Version 16
VisualStudioVersion = 16.0.29215.179
MinimumVisualStudioVersion = 10.0.40219.1
Project("{FAE04EC0-301F-11D3-BF4B-00C04F79EFBC}") = "BasicSyntaxError", "BasicSyntaxError\BasicSyntaxError.csproj", "{B8A8D097-B7D5-40B6-82BF-089EC9A57C71}"
EndProject
Global
	GlobalSection(SolutionConfigurationPlatforms) = preSolution
		Debug|Any CPU = Debug|Any CPU
		Release|Any CPU = Release|Any CPU
	EndGlobalSection
	GlobalSection(ProjectConfigurationPlatforms) = postSolution
		{B8A8D097-B7D5-40B6-82BF-089EC9A57C71}.Debug|Any CPU.ActiveCfg = Debug|Any CPU
		{B8A8D097-B7D5-40B6-82BF-089EC9A57C71}.Debug|Any CPU.Build.0 = Debug|Any CPU
		{B8A8D097-B7D5-40B6-82BF-089EC9A57C71}.Release|Any CPU.ActiveCfg = Release|Any CPU
		{B8A8D097-B7D5-40B6-82BF-089EC9A57C71}.Release|Any CPU.Build.0 = Release|Any CPU
	EndGlobalSection
	GlobalSection(SolutionProperties) = preSolution
		HideSolutionNode = FALSE
	EndGlobalSection
	GlobalSection(ExtensibilityGlobals) = postSolution
		SolutionGuid = {F1118019-01EA-4D75-9957-D0CAB90C3127}
	EndGlobalSection
EndGlobal
