
Microsoft Visual Studio Solution File, Format Version 12.00
# Visual Studio Version 16
VisualStudioVersion = 16.0.29215.179
MinimumVisualStudioVersion = 10.0.40219.1
Project("{FAE04EC0-301F-11D3-BF4B-00C04F79EFBC}") = "RectangleArea", "RectangleArea\RectangleArea.csproj", "{C1D3D5C3-461E-4809-9835-0B11D5A674F9}"
EndProject
Project("{FAE04EC0-301F-11D3-BF4B-00C04F79EFBC}") = "Tests", "Tests\Tests.csproj", "{45CEA2D4-1864-42CA-B6DB-2BC6002F2835}"
EndProject
Global
	GlobalSection(SolutionConfigurationPlatforms) = preSolution
		Debug|Any CPU = Debug|Any CPU
		Release|Any CPU = Release|Any CPU
	EndGlobalSection
	GlobalSection(ProjectConfigurationPlatforms) = postSolution
		{C1D3D5C3-461E-4809-9835-0B11D5A674F9}.Debug|Any CPU.ActiveCfg = Debug|Any CPU
		{C1D3D5C3-461E-4809-9835-0B11D5A674F9}.Debug|Any CPU.Build.0 = Debug|Any CPU
		{C1D3D5C3-461E-4809-9835-0B11D5A674F9}.Release|Any CPU.ActiveCfg = Release|Any CPU
		{C1D3D5C3-461E-4809-9835-0B11D5A674F9}.Release|Any CPU.Build.0 = Release|Any CPU
		{45CEA2D4-1864-42CA-B6DB-2BC6002F2835}.Debug|Any CPU.ActiveCfg = Debug|Any CPU
		{45CEA2D4-1864-42CA-B6DB-2BC6002F2835}.Debug|Any CPU.Build.0 = Debug|Any CPU
		{45CEA2D4-1864-42CA-B6DB-2BC6002F2835}.Release|Any CPU.ActiveCfg = Release|Any CPU
		{45CEA2D4-1864-42CA-B6DB-2BC6002F2835}.Release|Any CPU.Build.0 = Release|Any CPU
	EndGlobalSection
	GlobalSection(SolutionProperties) = preSolution
		HideSolutionNode = FALSE
	EndGlobalSection
	GlobalSection(ExtensibilityGlobals) = postSolution
		SolutionGuid = {8005FD7E-CF62-43BC-9139-51FA14A69068}
	EndGlobalSection
EndGlobal
