
Microsoft Visual Studio Solution File, Format Version 12.00
# Visual Studio Version 16
VisualStudioVersion = 16.0.29215.179
MinimumVisualStudioVersion = 10.0.40219.1
Project("{FAE04EC0-301F-11D3-BF4B-00C04F79EFBC}") = "Converternator", "Converternator\Converternator.csproj", "{AC3A205E-7160-4C6C-BEDF-D94D3069978F}"
EndProject
Project("{FAE04EC0-301F-11D3-BF4B-00C04F79EFBC}") = "Tests", "Tests\Tests.csproj", "{096CDA9F-877C-4AE7-96E1-02B241E6286D}"
EndProject
Global
	GlobalSection(SolutionConfigurationPlatforms) = preSolution
		Debug|Any CPU = Debug|Any CPU
		Release|Any CPU = Release|Any CPU
	EndGlobalSection
	GlobalSection(ProjectConfigurationPlatforms) = postSolution
		{AC3A205E-7160-4C6C-BEDF-D94D3069978F}.Debug|Any CPU.ActiveCfg = Debug|Any CPU
		{AC3A205E-7160-4C6C-BEDF-D94D3069978F}.Debug|Any CPU.Build.0 = Debug|Any CPU
		{AC3A205E-7160-4C6C-BEDF-D94D3069978F}.Release|Any CPU.ActiveCfg = Release|Any CPU
		{AC3A205E-7160-4C6C-BEDF-D94D3069978F}.Release|Any CPU.Build.0 = Release|Any CPU
		{096CDA9F-877C-4AE7-96E1-02B241E6286D}.Debug|Any CPU.ActiveCfg = Debug|Any CPU
		{096CDA9F-877C-4AE7-96E1-02B241E6286D}.Debug|Any CPU.Build.0 = Debug|Any CPU
		{096CDA9F-877C-4AE7-96E1-02B241E6286D}.Release|Any CPU.ActiveCfg = Release|Any CPU
		{096CDA9F-877C-4AE7-96E1-02B241E6286D}.Release|Any CPU.Build.0 = Release|Any CPU
	EndGlobalSection
	GlobalSection(SolutionProperties) = preSolution
		HideSolutionNode = FALSE
	EndGlobalSection
	GlobalSection(ExtensibilityGlobals) = postSolution
		SolutionGuid = {970A1579-E80A-4A2C-8429-4A0CA10D7929}
	EndGlobalSection
EndGlobal
