
Microsoft Visual Studio Solution File, Format Version 12.00
# Visual Studio Version 16
VisualStudioVersion = 16.0.29306.81
MinimumVisualStudioVersion = 10.0.40219.1
Project("{FAE04EC0-301F-11D3-BF4B-00C04F79EFBC}") = "Pythagoras", "Pythagoras\Pythagoras.csproj", "{96A7C844-0651-482B-B23A-18892B164C7E}"
EndProject
Project("{FAE04EC0-301F-11D3-BF4B-00C04F79EFBC}") = "Tests", "Tests\Tests.csproj", "{685F792F-2052-412F-9379-7EC2F24E61A0}"
EndProject
Global
	GlobalSection(SolutionConfigurationPlatforms) = preSolution
		Debug|Any CPU = Debug|Any CPU
		Release|Any CPU = Release|Any CPU
	EndGlobalSection
	GlobalSection(ProjectConfigurationPlatforms) = postSolution
		{96A7C844-0651-482B-B23A-18892B164C7E}.Debug|Any CPU.ActiveCfg = Debug|Any CPU
		{96A7C844-0651-482B-B23A-18892B164C7E}.Debug|Any CPU.Build.0 = Debug|Any CPU
		{96A7C844-0651-482B-B23A-18892B164C7E}.Release|Any CPU.ActiveCfg = Release|Any CPU
		{96A7C844-0651-482B-B23A-18892B164C7E}.Release|Any CPU.Build.0 = Release|Any CPU
		{685F792F-2052-412F-9379-7EC2F24E61A0}.Debug|Any CPU.ActiveCfg = Debug|Any CPU
		{685F792F-2052-412F-9379-7EC2F24E61A0}.Debug|Any CPU.Build.0 = Debug|Any CPU
		{685F792F-2052-412F-9379-7EC2F24E61A0}.Release|Any CPU.ActiveCfg = Release|Any CPU
		{685F792F-2052-412F-9379-7EC2F24E61A0}.Release|Any CPU.Build.0 = Release|Any CPU
	EndGlobalSection
	GlobalSection(SolutionProperties) = preSolution
		HideSolutionNode = FALSE
	EndGlobalSection
	GlobalSection(ExtensibilityGlobals) = postSolution
		SolutionGuid = {48691DAC-A110-4239-801D-DE4F905571E6}
	EndGlobalSection
EndGlobal
