
Microsoft Visual Studio Solution File, Format Version 12.00
# Visual Studio Version 16
VisualStudioVersion = 16.0.29215.179
MinimumVisualStudioVersion = 10.0.40219.1
Project("{FAE04EC0-301F-11D3-BF4B-00C04F79EFBC}") = "Palindrome", "Palindrome\Palindrome.csproj", "{36ABE3C3-2EE1-45CD-A77B-EBDF19A7A051}"
EndProject
Project("{FAE04EC0-301F-11D3-BF4B-00C04F79EFBC}") = "Tests", "Tests\Tests.csproj", "{B6C9ABAB-41B2-4613-8E01-5F75E4E1A228}"
EndProject
Global
	GlobalSection(SolutionConfigurationPlatforms) = preSolution
		Debug|Any CPU = Debug|Any CPU
		Release|Any CPU = Release|Any CPU
	EndGlobalSection
	GlobalSection(ProjectConfigurationPlatforms) = postSolution
		{36ABE3C3-2EE1-45CD-A77B-EBDF19A7A051}.Debug|Any CPU.ActiveCfg = Debug|Any CPU
		{36ABE3C3-2EE1-45CD-A77B-EBDF19A7A051}.Debug|Any CPU.Build.0 = Debug|Any CPU
		{36ABE3C3-2EE1-45CD-A77B-EBDF19A7A051}.Release|Any CPU.ActiveCfg = Release|Any CPU
		{36ABE3C3-2EE1-45CD-A77B-EBDF19A7A051}.Release|Any CPU.Build.0 = Release|Any CPU
		{B6C9ABAB-41B2-4613-8E01-5F75E4E1A228}.Debug|Any CPU.ActiveCfg = Debug|Any CPU
		{B6C9ABAB-41B2-4613-8E01-5F75E4E1A228}.Debug|Any CPU.Build.0 = Debug|Any CPU
		{B6C9ABAB-41B2-4613-8E01-5F75E4E1A228}.Release|Any CPU.ActiveCfg = Release|Any CPU
		{B6C9ABAB-41B2-4613-8E01-5F75E4E1A228}.Release|Any CPU.Build.0 = Release|Any CPU
	EndGlobalSection
	GlobalSection(SolutionProperties) = preSolution
		HideSolutionNode = FALSE
	EndGlobalSection
	GlobalSection(ExtensibilityGlobals) = postSolution
		SolutionGuid = {0263700B-3684-4FE7-A9FF-D7E466647720}
	EndGlobalSection
EndGlobal
