
Microsoft Visual Studio Solution File, Format Version 12.00
# Visual Studio Version 16
VisualStudioVersion = 16.0.29215.179
MinimumVisualStudioVersion = 10.0.40219.1
Project("{9A19103F-16F7-4668-BE54-9A1E7A4F7556}") = "FundamentalCalculus", "FundamentalCalculus\FundamentalCalculus.csproj", "{1D85EF79-3A15-491A-995B-40825D84341D}"
EndProject
Project("{FAE04EC0-301F-11D3-BF4B-00C04F79EFBC}") = "Tests", "Tests\Tests.csproj", "{084E9BC6-1677-4BB0-9D08-632109D15811}"
EndProject
Global
	GlobalSection(SolutionConfigurationPlatforms) = preSolution
		Debug|Any CPU = Debug|Any CPU
		Release|Any CPU = Release|Any CPU
	EndGlobalSection
	GlobalSection(ProjectConfigurationPlatforms) = postSolution
		{1D85EF79-3A15-491A-995B-40825D84341D}.Debug|Any CPU.ActiveCfg = Debug|Any CPU
		{1D85EF79-3A15-491A-995B-40825D84341D}.Debug|Any CPU.Build.0 = Debug|Any CPU
		{1D85EF79-3A15-491A-995B-40825D84341D}.Release|Any CPU.ActiveCfg = Release|Any CPU
		{1D85EF79-3A15-491A-995B-40825D84341D}.Release|Any CPU.Build.0 = Release|Any CPU
		{084E9BC6-1677-4BB0-9D08-632109D15811}.Debug|Any CPU.ActiveCfg = Debug|Any CPU
		{084E9BC6-1677-4BB0-9D08-632109D15811}.Debug|Any CPU.Build.0 = Debug|Any CPU
		{084E9BC6-1677-4BB0-9D08-632109D15811}.Release|Any CPU.ActiveCfg = Release|Any CPU
		{084E9BC6-1677-4BB0-9D08-632109D15811}.Release|Any CPU.Build.0 = Release|Any CPU
	EndGlobalSection
	GlobalSection(SolutionProperties) = preSolution
		HideSolutionNode = FALSE
	EndGlobalSection
	GlobalSection(ExtensibilityGlobals) = postSolution
		SolutionGuid = {2C733C53-DB37-42A6-A5B7-FC07217E2390}
	EndGlobalSection
EndGlobal
