
Microsoft Visual Studio Solution File, Format Version 12.00
# Visual Studio Version 16
VisualStudioVersion = 16.0.29306.81
MinimumVisualStudioVersion = 10.0.40219.1
Project("{FAE04EC0-301F-11D3-BF4B-00C04F79EFBC}") = "TextProperties", "TextProperties\TextProperties.csproj", "{43FB639F-DA57-4FB0-98F8-D2D65833B2FF}"
EndProject
Project("{FAE04EC0-301F-11D3-BF4B-00C04F79EFBC}") = "Tests", "Tests\Tests.csproj", "{A5B37F35-E89B-43A4-BA30-4A92BBDEABBB}"
EndProject
Global
	GlobalSection(SolutionConfigurationPlatforms) = preSolution
		Debug|Any CPU = Debug|Any CPU
		Release|Any CPU = Release|Any CPU
	EndGlobalSection
	GlobalSection(ProjectConfigurationPlatforms) = postSolution
		{43FB639F-DA57-4FB0-98F8-D2D65833B2FF}.Debug|Any CPU.ActiveCfg = Debug|Any CPU
		{43FB639F-DA57-4FB0-98F8-D2D65833B2FF}.Debug|Any CPU.Build.0 = Debug|Any CPU
		{43FB639F-DA57-4FB0-98F8-D2D65833B2FF}.Release|Any CPU.ActiveCfg = Release|Any CPU
		{43FB639F-DA57-4FB0-98F8-D2D65833B2FF}.Release|Any CPU.Build.0 = Release|Any CPU
		{A5B37F35-E89B-43A4-BA30-4A92BBDEABBB}.Debug|Any CPU.ActiveCfg = Debug|Any CPU
		{A5B37F35-E89B-43A4-BA30-4A92BBDEABBB}.Debug|Any CPU.Build.0 = Debug|Any CPU
		{A5B37F35-E89B-43A4-BA30-4A92BBDEABBB}.Release|Any CPU.ActiveCfg = Release|Any CPU
		{A5B37F35-E89B-43A4-BA30-4A92BBDEABBB}.Release|Any CPU.Build.0 = Release|Any CPU
	EndGlobalSection
	GlobalSection(SolutionProperties) = preSolution
		HideSolutionNode = FALSE
	EndGlobalSection
	GlobalSection(ExtensibilityGlobals) = postSolution
		SolutionGuid = {A7038570-FF12-488E-851B-85ACC4AEAB0A}
	EndGlobalSection
EndGlobal
