
Microsoft Visual Studio Solution File, Format Version 12.00
# Visual Studio 15
VisualStudioVersion = 15.0.26124.0
MinimumVisualStudioVersion = 15.0.26124.0
Project("{FAE04EC0-301F-11D3-BF4B-00C04F79EFBC}") = "TurnTheTables", "TurnTheTables\TurnTheTables.csproj", "{1A297902-9A3E-4383-B61A-C1DC575DF58A}"
EndProject
Project("{FAE04EC0-301F-11D3-BF4B-00C04F79EFBC}") = "Tests", "Tests\Tests.csproj", "{D842D369-E89E-45BA-A8DD-A9C382A31FAF}"
EndProject
Global
	GlobalSection(SolutionConfigurationPlatforms) = preSolution
		Debug|Any CPU = Debug|Any CPU
		Debug|x64 = Debug|x64
		Debug|x86 = Debug|x86
		Release|Any CPU = Release|Any CPU
		Release|x64 = Release|x64
		Release|x86 = Release|x86
	EndGlobalSection
	GlobalSection(SolutionProperties) = preSolution
		HideSolutionNode = FALSE
	EndGlobalSection
	GlobalSection(ProjectConfigurationPlatforms) = postSolution
		{1A297902-9A3E-4383-B61A-C1DC575DF58A}.Debug|Any CPU.ActiveCfg = Debug|Any CPU
		{1A297902-9A3E-4383-B61A-C1DC575DF58A}.Debug|Any CPU.Build.0 = Debug|Any CPU
		{1A297902-9A3E-4383-B61A-C1DC575DF58A}.Debug|x64.ActiveCfg = Debug|Any CPU
		{1A297902-9A3E-4383-B61A-C1DC575DF58A}.Debug|x64.Build.0 = Debug|Any CPU
		{1A297902-9A3E-4383-B61A-C1DC575DF58A}.Debug|x86.ActiveCfg = Debug|Any CPU
		{1A297902-9A3E-4383-B61A-C1DC575DF58A}.Debug|x86.Build.0 = Debug|Any CPU
		{1A297902-9A3E-4383-B61A-C1DC575DF58A}.Release|Any CPU.ActiveCfg = Release|Any CPU
		{1A297902-9A3E-4383-B61A-C1DC575DF58A}.Release|Any CPU.Build.0 = Release|Any CPU
		{1A297902-9A3E-4383-B61A-C1DC575DF58A}.Release|x64.ActiveCfg = Release|Any CPU
		{1A297902-9A3E-4383-B61A-C1DC575DF58A}.Release|x64.Build.0 = Release|Any CPU
		{1A297902-9A3E-4383-B61A-C1DC575DF58A}.Release|x86.ActiveCfg = Release|Any CPU
		{1A297902-9A3E-4383-B61A-C1DC575DF58A}.Release|x86.Build.0 = Release|Any CPU
		{D842D369-E89E-45BA-A8DD-A9C382A31FAF}.Debug|Any CPU.ActiveCfg = Debug|Any CPU
		{D842D369-E89E-45BA-A8DD-A9C382A31FAF}.Debug|Any CPU.Build.0 = Debug|Any CPU
		{D842D369-E89E-45BA-A8DD-A9C382A31FAF}.Debug|x64.ActiveCfg = Debug|Any CPU
		{D842D369-E89E-45BA-A8DD-A9C382A31FAF}.Debug|x64.Build.0 = Debug|Any CPU
		{D842D369-E89E-45BA-A8DD-A9C382A31FAF}.Debug|x86.ActiveCfg = Debug|Any CPU
		{D842D369-E89E-45BA-A8DD-A9C382A31FAF}.Debug|x86.Build.0 = Debug|Any CPU
		{D842D369-E89E-45BA-A8DD-A9C382A31FAF}.Release|Any CPU.ActiveCfg = Release|Any CPU
		{D842D369-E89E-45BA-A8DD-A9C382A31FAF}.Release|Any CPU.Build.0 = Release|Any CPU
		{D842D369-E89E-45BA-A8DD-A9C382A31FAF}.Release|x64.ActiveCfg = Release|Any CPU
		{D842D369-E89E-45BA-A8DD-A9C382A31FAF}.Release|x64.Build.0 = Release|Any CPU
		{D842D369-E89E-45BA-A8DD-A9C382A31FAF}.Release|x86.ActiveCfg = Release|Any CPU
		{D842D369-E89E-45BA-A8DD-A9C382A31FAF}.Release|x86.Build.0 = Release|Any CPU
	EndGlobalSection
EndGlobal
