
Microsoft Visual Studio Solution File, Format Version 12.00
# Visual Studio Version 16
VisualStudioVersion = 16.0.29215.179
MinimumVisualStudioVersion = 10.0.40219.1
Project("{9A19103F-16F7-4668-BE54-9A1E7A4F7556}") = "RectangleProperties", "RectangleProperties\RectangleProperties.csproj", "{2DE22FCF-F38F-47B1-996A-15219C908F96}"
EndProject
Project("{FAE04EC0-301F-11D3-BF4B-00C04F79EFBC}") = "Tests", "Tests\Tests.csproj", "{7DDA13D7-8C0C-4CFB-A248-D53448342F04}"
EndProject
Global
	GlobalSection(SolutionConfigurationPlatforms) = preSolution
		Debug|Any CPU = Debug|Any CPU
		Release|Any CPU = Release|Any CPU
	EndGlobalSection
	GlobalSection(ProjectConfigurationPlatforms) = postSolution
		{2DE22FCF-F38F-47B1-996A-15219C908F96}.Debug|Any CPU.ActiveCfg = Debug|Any CPU
		{2DE22FCF-F38F-47B1-996A-15219C908F96}.Debug|Any CPU.Build.0 = Debug|Any CPU
		{2DE22FCF-F38F-47B1-996A-15219C908F96}.Release|Any CPU.ActiveCfg = Release|Any CPU
		{2DE22FCF-F38F-47B1-996A-15219C908F96}.Release|Any CPU.Build.0 = Release|Any CPU
		{7DDA13D7-8C0C-4CFB-A248-D53448342F04}.Debug|Any CPU.ActiveCfg = Debug|Any CPU
		{7DDA13D7-8C0C-4CFB-A248-D53448342F04}.Debug|Any CPU.Build.0 = Debug|Any CPU
		{7DDA13D7-8C0C-4CFB-A248-D53448342F04}.Release|Any CPU.ActiveCfg = Release|Any CPU
		{7DDA13D7-8C0C-4CFB-A248-D53448342F04}.Release|Any CPU.Build.0 = Release|Any CPU
	EndGlobalSection
	GlobalSection(SolutionProperties) = preSolution
		HideSolutionNode = FALSE
	EndGlobalSection
	GlobalSection(ExtensibilityGlobals) = postSolution
		SolutionGuid = {7851B92B-A280-45C9-ACBB-70C836098D67}
	EndGlobalSection
EndGlobal
