
Microsoft Visual Studio Solution File, Format Version 12.00
# Visual Studio Version 16
VisualStudioVersion = 16.0.29215.179
MinimumVisualStudioVersion = 10.0.40219.1
Project("{9A19103F-16F7-4668-BE54-9A1E7A4F7556}") = "MarcoPolo", "MarcoPolo\MarcoPolo.csproj", "{456EAD15-AE3F-4505-86BF-4544F03E7BF7}"
EndProject
Project("{FAE04EC0-301F-11D3-BF4B-00C04F79EFBC}") = "Tests", "Tests\Tests.csproj", "{B98929F2-F7BC-4CF1-8380-51D76170223F}"
EndProject
Global
	GlobalSection(SolutionConfigurationPlatforms) = preSolution
		Debug|Any CPU = Debug|Any CPU
		Release|Any CPU = Release|Any CPU
	EndGlobalSection
	GlobalSection(ProjectConfigurationPlatforms) = postSolution
		{456EAD15-AE3F-4505-86BF-4544F03E7BF7}.Debug|Any CPU.ActiveCfg = Debug|Any CPU
		{456EAD15-AE3F-4505-86BF-4544F03E7BF7}.Debug|Any CPU.Build.0 = Debug|Any CPU
		{456EAD15-AE3F-4505-86BF-4544F03E7BF7}.Release|Any CPU.ActiveCfg = Release|Any CPU
		{456EAD15-AE3F-4505-86BF-4544F03E7BF7}.Release|Any CPU.Build.0 = Release|Any CPU
		{B98929F2-F7BC-4CF1-8380-51D76170223F}.Debug|Any CPU.ActiveCfg = Debug|Any CPU
		{B98929F2-F7BC-4CF1-8380-51D76170223F}.Debug|Any CPU.Build.0 = Debug|Any CPU
		{B98929F2-F7BC-4CF1-8380-51D76170223F}.Release|Any CPU.ActiveCfg = Release|Any CPU
		{B98929F2-F7BC-4CF1-8380-51D76170223F}.Release|Any CPU.Build.0 = Release|Any CPU
	EndGlobalSection
	GlobalSection(SolutionProperties) = preSolution
		HideSolutionNode = FALSE
	EndGlobalSection
	GlobalSection(ExtensibilityGlobals) = postSolution
		SolutionGuid = {7DA17971-731F-4606-8453-393E093EE85A}
	EndGlobalSection
EndGlobal
