
Microsoft Visual Studio Solution File, Format Version 12.00
# Visual Studio Version 16
VisualStudioVersion = 16.0.29503.13
MinimumVisualStudioVersion = 10.0.40219.1
Project("{FAE04EC0-301F-11D3-BF4B-00C04F79EFBC}") = "MultiplesOfThree", "MultiplesOfThree\MultiplesOfThree.csproj", "{BEF4EE89-022B-41D9-945A-921647A145F3}"
EndProject
Project("{FAE04EC0-301F-11D3-BF4B-00C04F79EFBC}") = "Tests", "Tests\Tests.csproj", "{AE0DB6DD-6D66-4E7E-8145-F41AA6C9EC6B}"
EndProject
Global
	GlobalSection(SolutionConfigurationPlatforms) = preSolution
		Debug|Any CPU = Debug|Any CPU
		Release|Any CPU = Release|Any CPU
	EndGlobalSection
	GlobalSection(ProjectConfigurationPlatforms) = postSolution
		{BEF4EE89-022B-41D9-945A-921647A145F3}.Debug|Any CPU.ActiveCfg = Debug|Any CPU
		{BEF4EE89-022B-41D9-945A-921647A145F3}.Debug|Any CPU.Build.0 = Debug|Any CPU
		{BEF4EE89-022B-41D9-945A-921647A145F3}.Release|Any CPU.ActiveCfg = Release|Any CPU
		{BEF4EE89-022B-41D9-945A-921647A145F3}.Release|Any CPU.Build.0 = Release|Any CPU
		{AE0DB6DD-6D66-4E7E-8145-F41AA6C9EC6B}.Debug|Any CPU.ActiveCfg = Debug|Any CPU
		{AE0DB6DD-6D66-4E7E-8145-F41AA6C9EC6B}.Debug|Any CPU.Build.0 = Debug|Any CPU
		{AE0DB6DD-6D66-4E7E-8145-F41AA6C9EC6B}.Release|Any CPU.ActiveCfg = Release|Any CPU
		{AE0DB6DD-6D66-4E7E-8145-F41AA6C9EC6B}.Release|Any CPU.Build.0 = Release|Any CPU
	EndGlobalSection
	GlobalSection(SolutionProperties) = preSolution
		HideSolutionNode = FALSE
	EndGlobalSection
	GlobalSection(ExtensibilityGlobals) = postSolution
		SolutionGuid = {AB5735EE-5278-41BB-A0EA-22938D26E543}
	EndGlobalSection
EndGlobal
