
Microsoft Visual Studio Solution File, Format Version 12.00
# Visual Studio Version 16
VisualStudioVersion = 16.0.29306.81
MinimumVisualStudioVersion = 10.0.40219.1
Project("{FAE04EC0-301F-11D3-BF4B-00C04F79EFBC}") = "Evaluation", "Evaluation\Evaluation.csproj", "{7392FD47-A86F-4905-87DE-22EF7D75FE12}"
EndProject
Project("{FAE04EC0-301F-11D3-BF4B-00C04F79EFBC}") = "Tests", "Tests\Tests.csproj", "{925AF04C-9F53-45D7-A950-CA9A1F7229A6}"
EndProject
Global
	GlobalSection(SolutionConfigurationPlatforms) = preSolution
		Debug|Any CPU = Debug|Any CPU
		Release|Any CPU = Release|Any CPU
	EndGlobalSection
	GlobalSection(ProjectConfigurationPlatforms) = postSolution
		{7392FD47-A86F-4905-87DE-22EF7D75FE12}.Debug|Any CPU.ActiveCfg = Debug|Any CPU
		{7392FD47-A86F-4905-87DE-22EF7D75FE12}.Debug|Any CPU.Build.0 = Debug|Any CPU
		{7392FD47-A86F-4905-87DE-22EF7D75FE12}.Release|Any CPU.ActiveCfg = Release|Any CPU
		{7392FD47-A86F-4905-87DE-22EF7D75FE12}.Release|Any CPU.Build.0 = Release|Any CPU
		{925AF04C-9F53-45D7-A950-CA9A1F7229A6}.Debug|Any CPU.ActiveCfg = Debug|Any CPU
		{925AF04C-9F53-45D7-A950-CA9A1F7229A6}.Debug|Any CPU.Build.0 = Debug|Any CPU
		{925AF04C-9F53-45D7-A950-CA9A1F7229A6}.Release|Any CPU.ActiveCfg = Release|Any CPU
		{925AF04C-9F53-45D7-A950-CA9A1F7229A6}.Release|Any CPU.Build.0 = Release|Any CPU
	EndGlobalSection
	GlobalSection(SolutionProperties) = preSolution
		HideSolutionNode = FALSE
	EndGlobalSection
	GlobalSection(ExtensibilityGlobals) = postSolution
		SolutionGuid = {FD425059-81DC-44EF-8B28-1DD3CE1C43A0}
	EndGlobalSection
EndGlobal
