
Microsoft Visual Studio Solution File, Format Version 12.00
# Visual Studio Version 16
VisualStudioVersion = 16.0.29306.81
MinimumVisualStudioVersion = 10.0.40219.1
Project("{9A19103F-16F7-4668-BE54-9A1E7A4F7556}") = "CalculateVAT", "CalculateVAT\CalculateVAT.csproj", "{3AEA9DAA-85D4-4D4F-A4C8-27C6D73B64D2}"
EndProject
Project("{FAE04EC0-301F-11D3-BF4B-00C04F79EFBC}") = "Tests", "Tests\Tests.csproj", "{D8683C12-70EC-4447-B548-45B5360AB6FB}"
EndProject
Global
	GlobalSection(SolutionConfigurationPlatforms) = preSolution
		Debug|Any CPU = Debug|Any CPU
		Release|Any CPU = Release|Any CPU
	EndGlobalSection
	GlobalSection(ProjectConfigurationPlatforms) = postSolution
		{3AEA9DAA-85D4-4D4F-A4C8-27C6D73B64D2}.Debug|Any CPU.ActiveCfg = Debug|Any CPU
		{3AEA9DAA-85D4-4D4F-A4C8-27C6D73B64D2}.Debug|Any CPU.Build.0 = Debug|Any CPU
		{3AEA9DAA-85D4-4D4F-A4C8-27C6D73B64D2}.Release|Any CPU.ActiveCfg = Release|Any CPU
		{3AEA9DAA-85D4-4D4F-A4C8-27C6D73B64D2}.Release|Any CPU.Build.0 = Release|Any CPU
		{D8683C12-70EC-4447-B548-45B5360AB6FB}.Debug|Any CPU.ActiveCfg = Debug|Any CPU
		{D8683C12-70EC-4447-B548-45B5360AB6FB}.Debug|Any CPU.Build.0 = Debug|Any CPU
		{D8683C12-70EC-4447-B548-45B5360AB6FB}.Release|Any CPU.ActiveCfg = Release|Any CPU
		{D8683C12-70EC-4447-B548-45B5360AB6FB}.Release|Any CPU.Build.0 = Release|Any CPU
	EndGlobalSection
	GlobalSection(SolutionProperties) = preSolution
		HideSolutionNode = FALSE
	EndGlobalSection
	GlobalSection(ExtensibilityGlobals) = postSolution
		SolutionGuid = {C181FA38-73DE-4DED-926F-9C5BD09A55A2}
	EndGlobalSection
EndGlobal
