
Microsoft Visual Studio Solution File, Format Version 12.00
# Visual Studio Version 17
VisualStudioVersion = 17.0.31903.59
MinimumVisualStudioVersion = 10.0.40219.1
Project("{FAE04EC0-301F-11D3-BF4B-00C04F79EFBC}") = "TheMetricSystem", "TheMetricSystem\TheMetricSystem.csproj", "{DDE842F3-75F1-46B0-A79E-872FE0586E30}"
EndProject
Project("{FAE04EC0-301F-11D3-BF4B-00C04F79EFBC}") = "Tests", "Tests\Tests.csproj", "{E84EDFAE-004E-4BEA-8EEF-A3FA5E090D10}"
EndProject
Global
	GlobalSection(SolutionConfigurationPlatforms) = preSolution
		Debug|Any CPU = Debug|Any CPU
		Release|Any CPU = Release|Any CPU
	EndGlobalSection
	GlobalSection(SolutionProperties) = preSolution
		HideSolutionNode = FALSE
	EndGlobalSection
	GlobalSection(ProjectConfigurationPlatforms) = postSolution
		{DDE842F3-75F1-46B0-A79E-872FE0586E30}.Debug|Any CPU.ActiveCfg = Debug|Any CPU
		{DDE842F3-75F1-46B0-A79E-872FE0586E30}.Debug|Any CPU.Build.0 = Debug|Any CPU
		{DDE842F3-75F1-46B0-A79E-872FE0586E30}.Release|Any CPU.ActiveCfg = Release|Any CPU
		{DDE842F3-75F1-46B0-A79E-872FE0586E30}.Release|Any CPU.Build.0 = Release|Any CPU
		{E84EDFAE-004E-4BEA-8EEF-A3FA5E090D10}.Debug|Any CPU.ActiveCfg = Debug|Any CPU
		{E84EDFAE-004E-4BEA-8EEF-A3FA5E090D10}.Debug|Any CPU.Build.0 = Debug|Any CPU
		{E84EDFAE-004E-4BEA-8EEF-A3FA5E090D10}.Release|Any CPU.ActiveCfg = Release|Any CPU
		{E84EDFAE-004E-4BEA-8EEF-A3FA5E090D10}.Release|Any CPU.Build.0 = Release|Any CPU
	EndGlobalSection
EndGlobal
