
Microsoft Visual Studio Solution File, Format Version 12.00
# Visual Studio Version 16
VisualStudioVersion = 16.0.29306.81
MinimumVisualStudioVersion = 15.0.26124.0
Project("{9A19103F-16F7-4668-BE54-9A1E7A4F7556}") = "HoloGram", "HoloGram\HoloGram.csproj", "{192E114A-85A7-4042-BFB0-A134E9028983}"
EndProject
Project("{9A19103F-16F7-4668-BE54-9A1E7A4F7556}") = "Tests", "Tests\Tests.csproj", "{8E21BBD8-7DCF-43E9-A73F-BC8A6D756DAC}"
EndProject
Project("{FAE04EC0-301F-11D3-BF4B-00C04F79EFBC}") = "Solution", "Solution\Solution.csproj", "{B8D05705-EF40-49F9-BC7E-A75E71EA24A8}"
EndProject
Global
	GlobalSection(SolutionConfigurationPlatforms) = preSolution
		Debug|Any CPU = Debug|Any CPU
		Debug|x64 = Debug|x64
		Debug|x86 = Debug|x86
		Release|Any CPU = Release|Any CPU
		Release|x64 = Release|x64
		Release|x86 = Release|x86
	EndGlobalSection
	GlobalSection(ProjectConfigurationPlatforms) = postSolution
		{192E114A-85A7-4042-BFB0-A134E9028983}.Debug|Any CPU.ActiveCfg = Debug|Any CPU
		{192E114A-85A7-4042-BFB0-A134E9028983}.Debug|Any CPU.Build.0 = Debug|Any CPU
		{192E114A-85A7-4042-BFB0-A134E9028983}.Debug|x64.ActiveCfg = Debug|Any CPU
		{192E114A-85A7-4042-BFB0-A134E9028983}.Debug|x64.Build.0 = Debug|Any CPU
		{192E114A-85A7-4042-BFB0-A134E9028983}.Debug|x86.ActiveCfg = Debug|Any CPU
		{192E114A-85A7-4042-BFB0-A134E9028983}.Debug|x86.Build.0 = Debug|Any CPU
		{192E114A-85A7-4042-BFB0-A134E9028983}.Release|Any CPU.ActiveCfg = Release|Any CPU
		{192E114A-85A7-4042-BFB0-A134E9028983}.Release|Any CPU.Build.0 = Release|Any CPU
		{192E114A-85A7-4042-BFB0-A134E9028983}.Release|x64.ActiveCfg = Release|Any CPU
		{192E114A-85A7-4042-BFB0-A134E9028983}.Release|x64.Build.0 = Release|Any CPU
		{192E114A-85A7-4042-BFB0-A134E9028983}.Release|x86.ActiveCfg = Release|Any CPU
		{192E114A-85A7-4042-BFB0-A134E9028983}.Release|x86.Build.0 = Release|Any CPU
		{8E21BBD8-7DCF-43E9-A73F-BC8A6D756DAC}.Debug|Any CPU.ActiveCfg = Debug|Any CPU
		{8E21BBD8-7DCF-43E9-A73F-BC8A6D756DAC}.Debug|Any CPU.Build.0 = Debug|Any CPU
		{8E21BBD8-7DCF-43E9-A73F-BC8A6D756DAC}.Debug|x64.ActiveCfg = Debug|Any CPU
		{8E21BBD8-7DCF-43E9-A73F-BC8A6D756DAC}.Debug|x64.Build.0 = Debug|Any CPU
		{8E21BBD8-7DCF-43E9-A73F-BC8A6D756DAC}.Debug|x86.ActiveCfg = Debug|Any CPU
		{8E21BBD8-7DCF-43E9-A73F-BC8A6D756DAC}.Debug|x86.Build.0 = Debug|Any CPU
		{8E21BBD8-7DCF-43E9-A73F-BC8A6D756DAC}.Release|Any CPU.ActiveCfg = Release|Any CPU
		{8E21BBD8-7DCF-43E9-A73F-BC8A6D756DAC}.Release|Any CPU.Build.0 = Release|Any CPU
		{8E21BBD8-7DCF-43E9-A73F-BC8A6D756DAC}.Release|x64.ActiveCfg = Release|Any CPU
		{8E21BBD8-7DCF-43E9-A73F-BC8A6D756DAC}.Release|x64.Build.0 = Release|Any CPU
		{8E21BBD8-7DCF-43E9-A73F-BC8A6D756DAC}.Release|x86.ActiveCfg = Release|Any CPU
		{8E21BBD8-7DCF-43E9-A73F-BC8A6D756DAC}.Release|x86.Build.0 = Release|Any CPU
		{B8D05705-EF40-49F9-BC7E-A75E71EA24A8}.Debug|Any CPU.ActiveCfg = Debug|Any CPU
		{B8D05705-EF40-49F9-BC7E-A75E71EA24A8}.Debug|Any CPU.Build.0 = Debug|Any CPU
		{B8D05705-EF40-49F9-BC7E-A75E71EA24A8}.Debug|x64.ActiveCfg = Debug|Any CPU
		{B8D05705-EF40-49F9-BC7E-A75E71EA24A8}.Debug|x64.Build.0 = Debug|Any CPU
		{B8D05705-EF40-49F9-BC7E-A75E71EA24A8}.Debug|x86.ActiveCfg = Debug|Any CPU
		{B8D05705-EF40-49F9-BC7E-A75E71EA24A8}.Debug|x86.Build.0 = Debug|Any CPU
		{B8D05705-EF40-49F9-BC7E-A75E71EA24A8}.Release|Any CPU.ActiveCfg = Release|Any CPU
		{B8D05705-EF40-49F9-BC7E-A75E71EA24A8}.Release|Any CPU.Build.0 = Release|Any CPU
		{B8D05705-EF40-49F9-BC7E-A75E71EA24A8}.Release|x64.ActiveCfg = Release|Any CPU
		{B8D05705-EF40-49F9-BC7E-A75E71EA24A8}.Release|x64.Build.0 = Release|Any CPU
		{B8D05705-EF40-49F9-BC7E-A75E71EA24A8}.Release|x86.ActiveCfg = Release|Any CPU
		{B8D05705-EF40-49F9-BC7E-A75E71EA24A8}.Release|x86.Build.0 = Release|Any CPU
	EndGlobalSection
	GlobalSection(SolutionProperties) = preSolution
		HideSolutionNode = FALSE
	EndGlobalSection
	GlobalSection(ExtensibilityGlobals) = postSolution
		SolutionGuid = {7C4F6094-7102-43AF-814C-B3DF6F610DBB}
	EndGlobalSection
EndGlobal
