
Microsoft Visual Studio Solution File, Format Version 12.00
# Visual Studio Version 16
VisualStudioVersion = 16.0.29215.179
MinimumVisualStudioVersion = 10.0.40219.1
Project("{FAE04EC0-301F-11D3-BF4B-00C04F79EFBC}") = "BiggestNumber", "BiggestNumber\BiggestNumber.csproj", "{FEA32D5E-4406-4A95-8D35-E557B83C31BF}"
EndProject
Project("{FAE04EC0-301F-11D3-BF4B-00C04F79EFBC}") = "Tests", "Tests\Tests.csproj", "{DEC341C7-6EF8-4C60-A4A3-4BFEE4727470}"
EndProject
Global
	GlobalSection(SolutionConfigurationPlatforms) = preSolution
		Debug|Any CPU = Debug|Any CPU
		Release|Any CPU = Release|Any CPU
	EndGlobalSection
	GlobalSection(ProjectConfigurationPlatforms) = postSolution
		{FEA32D5E-4406-4A95-8D35-E557B83C31BF}.Debug|Any CPU.ActiveCfg = Debug|Any CPU
		{FEA32D5E-4406-4A95-8D35-E557B83C31BF}.Debug|Any CPU.Build.0 = Debug|Any CPU
		{FEA32D5E-4406-4A95-8D35-E557B83C31BF}.Release|Any CPU.ActiveCfg = Release|Any CPU
		{FEA32D5E-4406-4A95-8D35-E557B83C31BF}.Release|Any CPU.Build.0 = Release|Any CPU
		{DEC341C7-6EF8-4C60-A4A3-4BFEE4727470}.Debug|Any CPU.ActiveCfg = Debug|Any CPU
		{DEC341C7-6EF8-4C60-A4A3-4BFEE4727470}.Debug|Any CPU.Build.0 = Debug|Any CPU
		{DEC341C7-6EF8-4C60-A4A3-4BFEE4727470}.Release|Any CPU.ActiveCfg = Release|Any CPU
		{DEC341C7-6EF8-4C60-A4A3-4BFEE4727470}.Release|Any CPU.Build.0 = Release|Any CPU
	EndGlobalSection
	GlobalSection(SolutionProperties) = preSolution
		HideSolutionNode = FALSE
	EndGlobalSection
	GlobalSection(ExtensibilityGlobals) = postSolution
		SolutionGuid = {7A3F6FB6-1FA1-4A78-B1BE-AEA23A0CD181}
	EndGlobalSection
EndGlobal
