
Microsoft Visual Studio Solution File, Format Version 12.00
# Visual Studio Version 16
VisualStudioVersion = 16.0.30503.244
MinimumVisualStudioVersion = 15.0.26124.0
Project("{9A19103F-16F7-4668-BE54-9A1E7A4F7556}") = "HelloMisterRoboto", "HelloMisterRoboto\HelloMisterRoboto.csproj", "{A85BF09F-1528-426B-8EBA-1D8DE03EAA7A}"
EndProject
Global
	GlobalSection(SolutionConfigurationPlatforms) = preSolution
		Debug|Any CPU = Debug|Any CPU
		Debug|x64 = Debug|x64
		Debug|x86 = Debug|x86
		Release|Any CPU = Release|Any CPU
		Release|x64 = Release|x64
		Release|x86 = Release|x86
	EndGlobalSection
	GlobalSection(ProjectConfigurationPlatforms) = postSolution
		{A85BF09F-1528-426B-8EBA-1D8DE03EAA7A}.Debug|Any CPU.ActiveCfg = Debug|Any CPU
		{A85BF09F-1528-426B-8EBA-1D8DE03EAA7A}.Debug|Any CPU.Build.0 = Debug|Any CPU
		{A85BF09F-1528-426B-8EBA-1D8DE03EAA7A}.Debug|x64.ActiveCfg = Debug|Any CPU
		{A85BF09F-1528-426B-8EBA-1D8DE03EAA7A}.Debug|x64.Build.0 = Debug|Any CPU
		{A85BF09F-1528-426B-8EBA-1D8DE03EAA7A}.Debug|x86.ActiveCfg = Debug|Any CPU
		{A85BF09F-1528-426B-8EBA-1D8DE03EAA7A}.Debug|x86.Build.0 = Debug|Any CPU
		{A85BF09F-1528-426B-8EBA-1D8DE03EAA7A}.Release|Any CPU.ActiveCfg = Release|Any CPU
		{A85BF09F-1528-426B-8EBA-1D8DE03EAA7A}.Release|Any CPU.Build.0 = Release|Any CPU
		{A85BF09F-1528-426B-8EBA-1D8DE03EAA7A}.Release|x64.ActiveCfg = Release|Any CPU
		{A85BF09F-1528-426B-8EBA-1D8DE03EAA7A}.Release|x64.Build.0 = Release|Any CPU
		{A85BF09F-1528-426B-8EBA-1D8DE03EAA7A}.Release|x86.ActiveCfg = Release|Any CPU
		{A85BF09F-1528-426B-8EBA-1D8DE03EAA7A}.Release|x86.Build.0 = Release|Any CPU
	EndGlobalSection
	GlobalSection(SolutionProperties) = preSolution
		HideSolutionNode = FALSE
	EndGlobalSection
	GlobalSection(ExtensibilityGlobals) = postSolution
		SolutionGuid = {D1FB5970-5CED-4282-9FE8-90BF29F501E8}
	EndGlobalSection
EndGlobal
