
Microsoft Visual Studio Solution File, Format Version 12.00
# Visual Studio 15
VisualStudioVersion = 15.0.26124.0
MinimumVisualStudioVersion = 15.0.26124.0
Project("{FAE04EC0-301F-11D3-BF4B-00C04F79EFBC}") = "Quadratic", "Quadratic\Quadratic.csproj", "{C948DE6B-949E-471A-B48F-90E8E4F18235}"
EndProject
Project("{FAE04EC0-301F-11D3-BF4B-00C04F79EFBC}") = "Tests", "Tests\Tests.csproj", "{48D90F08-B522-45FF-A906-7DA21820808D}"
EndProject
Global
	GlobalSection(SolutionConfigurationPlatforms) = preSolution
		Debug|Any CPU = Debug|Any CPU
		Debug|x64 = Debug|x64
		Debug|x86 = Debug|x86
		Release|Any CPU = Release|Any CPU
		Release|x64 = Release|x64
		Release|x86 = Release|x86
	EndGlobalSection
	GlobalSection(SolutionProperties) = preSolution
		HideSolutionNode = FALSE
	EndGlobalSection
	GlobalSection(ProjectConfigurationPlatforms) = postSolution
		{C948DE6B-949E-471A-B48F-90E8E4F18235}.Debug|Any CPU.ActiveCfg = Debug|Any CPU
		{C948DE6B-949E-471A-B48F-90E8E4F18235}.Debug|Any CPU.Build.0 = Debug|Any CPU
		{C948DE6B-949E-471A-B48F-90E8E4F18235}.Debug|x64.ActiveCfg = Debug|Any CPU
		{C948DE6B-949E-471A-B48F-90E8E4F18235}.Debug|x64.Build.0 = Debug|Any CPU
		{C948DE6B-949E-471A-B48F-90E8E4F18235}.Debug|x86.ActiveCfg = Debug|Any CPU
		{C948DE6B-949E-471A-B48F-90E8E4F18235}.Debug|x86.Build.0 = Debug|Any CPU
		{C948DE6B-949E-471A-B48F-90E8E4F18235}.Release|Any CPU.ActiveCfg = Release|Any CPU
		{C948DE6B-949E-471A-B48F-90E8E4F18235}.Release|Any CPU.Build.0 = Release|Any CPU
		{C948DE6B-949E-471A-B48F-90E8E4F18235}.Release|x64.ActiveCfg = Release|Any CPU
		{C948DE6B-949E-471A-B48F-90E8E4F18235}.Release|x64.Build.0 = Release|Any CPU
		{C948DE6B-949E-471A-B48F-90E8E4F18235}.Release|x86.ActiveCfg = Release|Any CPU
		{C948DE6B-949E-471A-B48F-90E8E4F18235}.Release|x86.Build.0 = Release|Any CPU
		{48D90F08-B522-45FF-A906-7DA21820808D}.Debug|Any CPU.ActiveCfg = Debug|Any CPU
		{48D90F08-B522-45FF-A906-7DA21820808D}.Debug|Any CPU.Build.0 = Debug|Any CPU
		{48D90F08-B522-45FF-A906-7DA21820808D}.Debug|x64.ActiveCfg = Debug|Any CPU
		{48D90F08-B522-45FF-A906-7DA21820808D}.Debug|x64.Build.0 = Debug|Any CPU
		{48D90F08-B522-45FF-A906-7DA21820808D}.Debug|x86.ActiveCfg = Debug|Any CPU
		{48D90F08-B522-45FF-A906-7DA21820808D}.Debug|x86.Build.0 = Debug|Any CPU
		{48D90F08-B522-45FF-A906-7DA21820808D}.Release|Any CPU.ActiveCfg = Release|Any CPU
		{48D90F08-B522-45FF-A906-7DA21820808D}.Release|Any CPU.Build.0 = Release|Any CPU
		{48D90F08-B522-45FF-A906-7DA21820808D}.Release|x64.ActiveCfg = Release|Any CPU
		{48D90F08-B522-45FF-A906-7DA21820808D}.Release|x64.Build.0 = Release|Any CPU
		{48D90F08-B522-45FF-A906-7DA21820808D}.Release|x86.ActiveCfg = Release|Any CPU
		{48D90F08-B522-45FF-A906-7DA21820808D}.Release|x86.Build.0 = Release|Any CPU
	EndGlobalSection
EndGlobal
