
Microsoft Visual Studio Solution File, Format Version 12.00
# Visual Studio Version 16
VisualStudioVersion = 16.0.29215.179
MinimumVisualStudioVersion = 10.0.40219.1
Project("{FAE04EC0-301F-11D3-BF4B-00C04F79EFBC}") = "CoordinatePlane", "CoordinatePlane\CoordinatePlane.csproj", "{1560335C-E502-464C-881A-DAD7A8EFA04C}"
EndProject
Project("{FAE04EC0-301F-11D3-BF4B-00C04F79EFBC}") = "Tests", "Tests\Tests.csproj", "{47252937-DA7D-4B0C-B913-9F5CCA0A8F25}"
EndProject
Global
	GlobalSection(SolutionConfigurationPlatforms) = preSolution
		Debug|Any CPU = Debug|Any CPU
		Release|Any CPU = Release|Any CPU
	EndGlobalSection
	GlobalSection(ProjectConfigurationPlatforms) = postSolution
		{1560335C-E502-464C-881A-DAD7A8EFA04C}.Debug|Any CPU.ActiveCfg = Debug|Any CPU
		{1560335C-E502-464C-881A-DAD7A8EFA04C}.Debug|Any CPU.Build.0 = Debug|Any CPU
		{1560335C-E502-464C-881A-DAD7A8EFA04C}.Release|Any CPU.ActiveCfg = Release|Any CPU
		{1560335C-E502-464C-881A-DAD7A8EFA04C}.Release|Any CPU.Build.0 = Release|Any CPU
		{47252937-DA7D-4B0C-B913-9F5CCA0A8F25}.Debug|Any CPU.ActiveCfg = Debug|Any CPU
		{47252937-DA7D-4B0C-B913-9F5CCA0A8F25}.Debug|Any CPU.Build.0 = Debug|Any CPU
		{47252937-DA7D-4B0C-B913-9F5CCA0A8F25}.Release|Any CPU.ActiveCfg = Release|Any CPU
		{47252937-DA7D-4B0C-B913-9F5CCA0A8F25}.Release|Any CPU.Build.0 = Release|Any CPU
	EndGlobalSection
	GlobalSection(SolutionProperties) = preSolution
		HideSolutionNode = FALSE
	EndGlobalSection
	GlobalSection(ExtensibilityGlobals) = postSolution
		SolutionGuid = {9A820650-5C68-4163-8B5E-F5C65BC43F5D}
	EndGlobalSection
EndGlobal
